
Microsoft Visual Studio Solution File, Format Version 12.00
# Visual Studio Version 16
VisualStudioVersion = 16.0.31025.194
MinimumVisualStudioVersion = 10.0.40219.1
Project("{8BC9CEB8-8B4A-11D0-8D11-00A0C91BC942}") = "algorithms_sort", "algorithms_sort.vcxproj", "{52740F37-86E9-41DF-A260-D3BFAFECA717}"
EndProject
Global
	GlobalSection(SolutionConfigurationPlatforms) = preSolution
		Debug|x64 = Debug|x64
		Debug|x86 = Debug|x86
		Release|x64 = Release|x64
		Release|x86 = Release|x86
	EndGlobalSection
	GlobalSection(ProjectConfigurationPlatforms) = postSolution
		{52740F37-86E9-41DF-A260-D3BFAFECA717}.Debug|x64.ActiveCfg = Debug|x64
		{52740F37-86E9-41DF-A260-D3BFAFECA717}.Debug|x64.Build.0 = Debug|x64
		{52740F37-86E9-41DF-A260-D3BFAFECA717}.Debug|x86.ActiveCfg = Debug|Win32
		{52740F37-86E9-41DF-A260-D3BFAFECA717}.Debug|x86.Build.0 = Debug|Win32
		{52740F37-86E9-41DF-A260-D3BFAFECA717}.Release|x64.ActiveCfg = Release|x64
		{52740F37-86E9-41DF-A260-D3BFAFECA717}.Release|x64.Build.0 = Release|x64
		{52740F37-86E9-41DF-A260-D3BFAFECA717}.Release|x86.ActiveCfg = Release|Win32
		{52740F37-86E9-41DF-A260-D3BFAFECA717}.Release|x86.Build.0 = Release|Win32
	EndGlobalSection
	GlobalSection(SolutionProperties) = preSolution
		HideSolutionNode = FALSE
	EndGlobalSection
	GlobalSection(ExtensibilityGlobals) = postSolution
		SolutionGuid = {502ECB5E-BD6A-4106-B67F-9E7C74A488B7}
	EndGlobalSection
EndGlobal
